
Microsoft Visual Studio Solution File, Format Version 12.00
# Visual Studio Version 17
VisualStudioVersion = 17.13.35931.197 d17.13
MinimumVisualStudioVersion = 10.0.40219.1
Project("{FAE04EC0-301F-11D3-BF4B-00C04F79EFBC}") = "mymusic", "mymusic.csproj", "{37C78B54-D32F-4092-92C9-ACCF7F49D06C}"
EndProject
Global
	GlobalSection(SolutionConfigurationPlatforms) = preSolution
		Debug|Any CPU = Debug|Any CPU
		Release|Any CPU = Release|Any CPU
	EndGlobalSection
	GlobalSection(ProjectConfigurationPlatforms) = postSolution
		{37C78B54-D32F-4092-92C9-ACCF7F49D06C}.Debug|Any CPU.ActiveCfg = Debug|Any CPU
		{37C78B54-D32F-4092-92C9-ACCF7F49D06C}.Debug|Any CPU.Build.0 = Debug|Any CPU
		{37C78B54-D32F-4092-92C9-ACCF7F49D06C}.Release|Any CPU.ActiveCfg = Release|Any CPU
		{37C78B54-D32F-4092-92C9-ACCF7F49D06C}.Release|Any CPU.Build.0 = Release|Any CPU
	EndGlobalSection
	GlobalSection(SolutionProperties) = preSolution
		HideSolutionNode = FALSE
	EndGlobalSection
	GlobalSection(ExtensibilityGlobals) = postSolution
		SolutionGuid = {BEA6E2C1-4750-46E0-B716-5C9C809B4971}
	EndGlobalSection
EndGlobal
